
Microsoft Visual Studio Solution File, Format Version 12.00
# Visual Studio 15
VisualStudioVersion = 15.0.28307.329
MinimumVisualStudioVersion = 10.0.40219.1
Project("{9A19103F-16F7-4668-BE54-9A1E7A4F7556}") = "TransitionApp", "TransitionApp\TransitionApp.csproj", "{72B328DF-3605-4E5B-8A4F-6709F6F80DA7}"
EndProject
Project("{9A19103F-16F7-4668-BE54-9A1E7A4F7556}") = "TransitionApp.Domain", "TransitionApp.Domain\TransitionApp.Domain.csproj", "{FCBF875F-22A7-492D-AF5D-929FB6C94C43}"
EndProject
Project("{9A19103F-16F7-4668-BE54-9A1E7A4F7556}") = "TransitionApp.Service", "TransitionApp.Service\TransitionApp.Service.csproj", "{1ADD0BAD-9124-4C5E-BE55-21676EE9FCF9}"
EndProject
Project("{9A19103F-16F7-4668-BE54-9A1E7A4F7556}") = "TransitionApp.Application", "TransitionApp.Application\TransitionApp.Application.csproj", "{74308355-2B73-4ECA-9597-5B8CCDE763E5}"
EndProject
Project("{9A19103F-16F7-4668-BE54-9A1E7A4F7556}") = "TransitionApp.Infrastructor", "TransitionApp.Infrastructor\TransitionApp.Infrastructor.csproj", "{15DB53DC-6402-4348-94B7-61134D1BFB87}"
EndProject
Project("{9A19103F-16F7-4668-BE54-9A1E7A4F7556}") = "Consumer", "Consumer\Consumer.csproj", "{2FAD7627-55B6-4773-8244-BB0C86A07896}"
EndProject
Project("{9A19103F-16F7-4668-BE54-9A1E7A4F7556}") = "SubcriberRabit", "SubcriberRabit\SubcriberRabit.csproj", "{6ACB5F20-8B9D-4988-A22E-DA917B8EB646}"
EndProject
Project("{9A19103F-16F7-4668-BE54-9A1E7A4F7556}") = "EchoBot", "MyBot\EchoBot\EchoBot.csproj", "{4034E453-4D33-45A2-BEA8-57DBB9D0C06A}"
EndProject
Project("{9A19103F-16F7-4668-BE54-9A1E7A4F7556}") = "DemoChatBot", "DemoChatBot\DemoChatBot.csproj", "{F45801CA-9F9A-4A52-BA37-00F7E876B9AB}"
EndProject
Global
	GlobalSection(SolutionConfigurationPlatforms) = preSolution
		Debug|Any CPU = Debug|Any CPU
		Release|Any CPU = Release|Any CPU
	EndGlobalSection
	GlobalSection(ProjectConfigurationPlatforms) = postSolution
		{72B328DF-3605-4E5B-8A4F-6709F6F80DA7}.Debug|Any CPU.ActiveCfg = Debug|Any CPU
		{72B328DF-3605-4E5B-8A4F-6709F6F80DA7}.Debug|Any CPU.Build.0 = Debug|Any CPU
		{72B328DF-3605-4E5B-8A4F-6709F6F80DA7}.Release|Any CPU.ActiveCfg = Release|Any CPU
		{72B328DF-3605-4E5B-8A4F-6709F6F80DA7}.Release|Any CPU.Build.0 = Release|Any CPU
		{FCBF875F-22A7-492D-AF5D-929FB6C94C43}.Debug|Any CPU.ActiveCfg = Debug|Any CPU
		{FCBF875F-22A7-492D-AF5D-929FB6C94C43}.Debug|Any CPU.Build.0 = Debug|Any CPU
		{FCBF875F-22A7-492D-AF5D-929FB6C94C43}.Release|Any CPU.ActiveCfg = Release|Any CPU
		{FCBF875F-22A7-492D-AF5D-929FB6C94C43}.Release|Any CPU.Build.0 = Release|Any CPU
		{1ADD0BAD-9124-4C5E-BE55-21676EE9FCF9}.Debug|Any CPU.ActiveCfg = Debug|Any CPU
		{1ADD0BAD-9124-4C5E-BE55-21676EE9FCF9}.Debug|Any CPU.Build.0 = Debug|Any CPU
		{1ADD0BAD-9124-4C5E-BE55-21676EE9FCF9}.Release|Any CPU.ActiveCfg = Release|Any CPU
		{1ADD0BAD-9124-4C5E-BE55-21676EE9FCF9}.Release|Any CPU.Build.0 = Release|Any CPU
		{74308355-2B73-4ECA-9597-5B8CCDE763E5}.Debug|Any CPU.ActiveCfg = Debug|Any CPU
		{74308355-2B73-4ECA-9597-5B8CCDE763E5}.Debug|Any CPU.Build.0 = Debug|Any CPU
		{74308355-2B73-4ECA-9597-5B8CCDE763E5}.Release|Any CPU.ActiveCfg = Release|Any CPU
		{74308355-2B73-4ECA-9597-5B8CCDE763E5}.Release|Any CPU.Build.0 = Release|Any CPU
		{15DB53DC-6402-4348-94B7-61134D1BFB87}.Debug|Any CPU.ActiveCfg = Debug|Any CPU
		{15DB53DC-6402-4348-94B7-61134D1BFB87}.Debug|Any CPU.Build.0 = Debug|Any CPU
		{15DB53DC-6402-4348-94B7-61134D1BFB87}.Release|Any CPU.ActiveCfg = Release|Any CPU
		{15DB53DC-6402-4348-94B7-61134D1BFB87}.Release|Any CPU.Build.0 = Release|Any CPU
		{2FAD7627-55B6-4773-8244-BB0C86A07896}.Debug|Any CPU.ActiveCfg = Debug|Any CPU
		{2FAD7627-55B6-4773-8244-BB0C86A07896}.Debug|Any CPU.Build.0 = Debug|Any CPU
		{2FAD7627-55B6-4773-8244-BB0C86A07896}.Release|Any CPU.ActiveCfg = Release|Any CPU
		{2FAD7627-55B6-4773-8244-BB0C86A07896}.Release|Any CPU.Build.0 = Release|Any CPU
		{6ACB5F20-8B9D-4988-A22E-DA917B8EB646}.Debug|Any CPU.ActiveCfg = Debug|Any CPU
		{6ACB5F20-8B9D-4988-A22E-DA917B8EB646}.Debug|Any CPU.Build.0 = Debug|Any CPU
		{6ACB5F20-8B9D-4988-A22E-DA917B8EB646}.Release|Any CPU.ActiveCfg = Release|Any CPU
		{6ACB5F20-8B9D-4988-A22E-DA917B8EB646}.Release|Any CPU.Build.0 = Release|Any CPU
		{4034E453-4D33-45A2-BEA8-57DBB9D0C06A}.Debug|Any CPU.ActiveCfg = Debug|Any CPU
		{4034E453-4D33-45A2-BEA8-57DBB9D0C06A}.Debug|Any CPU.Build.0 = Debug|Any CPU
		{4034E453-4D33-45A2-BEA8-57DBB9D0C06A}.Release|Any CPU.ActiveCfg = Release|Any CPU
		{4034E453-4D33-45A2-BEA8-57DBB9D0C06A}.Release|Any CPU.Build.0 = Release|Any CPU
		{F45801CA-9F9A-4A52-BA37-00F7E876B9AB}.Debug|Any CPU.ActiveCfg = Debug|Any CPU
		{F45801CA-9F9A-4A52-BA37-00F7E876B9AB}.Debug|Any CPU.Build.0 = Debug|Any CPU
		{F45801CA-9F9A-4A52-BA37-00F7E876B9AB}.Release|Any CPU.ActiveCfg = Release|Any CPU
		{F45801CA-9F9A-4A52-BA37-00F7E876B9AB}.Release|Any CPU.Build.0 = Release|Any CPU
	EndGlobalSection
	GlobalSection(SolutionProperties) = preSolution
		HideSolutionNode = FALSE
	EndGlobalSection
	GlobalSection(ExtensibilityGlobals) = postSolution
		SolutionGuid = {5D32D459-1FE2-4DF0-BCBA-7F76FF759878}
	EndGlobalSection
EndGlobal
